
Microsoft Visual Studio Solution File, Format Version 12.00
# Visual Studio Version 16
VisualStudioVersion = 16.0.30717.126
MinimumVisualStudioVersion = 10.0.40219.1
Project("{FAE04EC0-301F-11D3-BF4B-00C04F79EFBC}") = "Hsh.Mvvm", "Hsh.Mvvm\Hsh.Mvvm.csproj", "{C421C6FB-F93B-40A0-A605-3CD5301C89F9}"
EndProject
Global
	GlobalSection(SolutionConfigurationPlatforms) = preSolution
		Debug|Any CPU = Debug|Any CPU
		Release|Any CPU = Release|Any CPU
	EndGlobalSection
	GlobalSection(ProjectConfigurationPlatforms) = postSolution
		{C421C6FB-F93B-40A0-A605-3CD5301C89F9}.Debug|Any CPU.ActiveCfg = Debug|Any CPU
		{C421C6FB-F93B-40A0-A605-3CD5301C89F9}.Debug|Any CPU.Build.0 = Debug|Any CPU
		{C421C6FB-F93B-40A0-A605-3CD5301C89F9}.Release|Any CPU.ActiveCfg = Release|Any CPU
		{C421C6FB-F93B-40A0-A605-3CD5301C89F9}.Release|Any CPU.Build.0 = Release|Any CPU
	EndGlobalSection
	GlobalSection(SolutionProperties) = preSolution
		HideSolutionNode = FALSE
	EndGlobalSection
	GlobalSection(ExtensibilityGlobals) = postSolution
		SolutionGuid = {759A65F7-DC23-441E-9935-2C1DB198CF63}
	EndGlobalSection
EndGlobal
